
Microsoft Visual Studio Solution File, Format Version 12.00
# Visual Studio Version 16
VisualStudioVersion = 16.0.30523.141
MinimumVisualStudioVersion = 10.0.40219.1
Project("{FAE04EC0-301F-11D3-BF4B-00C04F79EFBC}") = "Neo4jLab", "Neo4jLab.csproj", "{0C6CF582-24E3-4871-9080-E1933D9981EF}"
EndProject
Global
	GlobalSection(SolutionConfigurationPlatforms) = preSolution
		Debug|Any CPU = Debug|Any CPU
		Release|Any CPU = Release|Any CPU
	EndGlobalSection
	GlobalSection(ProjectConfigurationPlatforms) = postSolution
		{0C6CF582-24E3-4871-9080-E1933D9981EF}.Debug|Any CPU.ActiveCfg = Debug|Any CPU
		{0C6CF582-24E3-4871-9080-E1933D9981EF}.Debug|Any CPU.Build.0 = Debug|Any CPU
		{0C6CF582-24E3-4871-9080-E1933D9981EF}.Release|Any CPU.ActiveCfg = Release|Any CPU
		{0C6CF582-24E3-4871-9080-E1933D9981EF}.Release|Any CPU.Build.0 = Release|Any CPU
	EndGlobalSection
	GlobalSection(SolutionProperties) = preSolution
		HideSolutionNode = FALSE
	EndGlobalSection
	GlobalSection(ExtensibilityGlobals) = postSolution
		SolutionGuid = {BF8880F8-C363-4469-84EB-8D8BB6047AA4}
	EndGlobalSection
EndGlobal
